# @generated - this file is auto-generated by `mise lock` https://mise.jdx.dev/dev-tools/mise-lock.html

lockfile_version = 3

[[tools.cspell]]
version = "10.3.3"
aube = { path = ".mise/locks/cspell/10.3.3", digest = "sha256:0d73823ec34e4822940b6f28646be1317d3f0168fcd37bbf1b6d2ec1db725d45" }
backend = "npm:cspell"
specifiers = ["10.3.3"]

[[tools.node]]
version = "26.10.0"
backend = "core:node"
specifiers = ["26"]

[tools.node."platforms.linux-arm64"]
checksum = "sha256:423a41bff8e2a2fa15e702fefe2919ef95823b2378744daccb8439302534b44f"
url = "https://nodejs.org/dist/v26.10.0/node-v26.10.0-linux-arm64.tar.gz"

[tools.node."platforms.linux-arm64-musl"]
checksum = "sha256:d26027bff3197050d2a2b0bfa151b18e8378ed81affa2bf5093804db158979b6"
url = "https://unofficial-builds.nodejs.org/download/release/v26.10.0/node-v26.10.0-linux-arm64-musl.tar.gz"

[tools.node."platforms.linux-x64"]
checksum = "sha256:cb5c9ce9c80d7b8821e3a258543c71b939138cf17c74d5cc44bbe85d6dbc5ad8"
url = "https://nodejs.org/dist/v26.10.0/node-v26.10.0-linux-x64.tar.gz"

[tools.node."platforms.linux-x64-musl"]
checksum = "sha256:e42da94821b9422eb76bf5aaf4de0977e04ba320b8aff6148d895a94b08ee223"
url = "https://unofficial-builds.nodejs.org/download/release/v26.10.0/node-v26.10.0-linux-x64-musl.tar.gz"

[tools.node."platforms.macos-arm64"]
checksum = "sha256:751fdf7439f115d87ee2a8f3f18c065b6151852068e3e666ac60ac2996f75ac9"
url = "https://nodejs.org/dist/v26.10.0/node-v26.10.0-darwin-arm64.tar.gz"

[tools.node."platforms.macos-x64"]
checksum = "sha256:ebbe9ab9b58ad6bb54390d6e2c862c1afa7d4475fb7e8ae8146acde211bf70df"
url = "https://nodejs.org/dist/v26.10.0/node-v26.10.0-darwin-x64.tar.gz"

[tools.node."platforms.windows-x64"]
checksum = "sha256:9fef7eca6743a6b910989cd8e78712376b394fcb9b6e1e9c44a0799a287f90c5"
url = "https://nodejs.org/dist/v26.10.0/node-v26.10.0-win-x64.zip"

[[tools.prettier]]
version = "3.9.9"
aube = { path = ".mise/locks/prettier/3.9.9", digest = "sha256:cef129a25af19b56a2bb12d1243d6d080c757dca28c2224e9b88277211db5db2" }
backend = "npm:prettier"
specifiers = ["3"]

[[tools.task]]
version = "3.54.0"
backend = "aqua:go-task/task"
specifiers = ["3"]

[tools.task."platforms.linux-arm64"]
checksum = "sha256:d7189d439d4a6058e39e1b2acd7c8b27acd4856691b408f23b242e4294e1df5b"
url = "https://github.com/go-task/task/releases/download/v3.54.0/task_linux_arm64.tar.gz"
url_api = "https://api.github.com/repos/go-task/task/releases/assets/604090041"

[tools.task."platforms.linux-arm64-musl"]
checksum = "sha256:d7189d439d4a6058e39e1b2acd7c8b27acd4856691b408f23b242e4294e1df5b"
url = "https://github.com/go-task/task/releases/download/v3.54.0/task_linux_arm64.tar.gz"
url_api = "https://api.github.com/repos/go-task/task/releases/assets/604090041"

[tools.task."platforms.linux-x64"]
checksum = "sha256:680859dbb4d881a9c72d4d9a8f510825450849af8567deacd7302c01124416fb"
url = "https://github.com/go-task/task/releases/download/v3.54.0/task_linux_amd64.tar.gz"
url_api = "https://api.github.com/repos/go-task/task/releases/assets/604090073"

[tools.task."platforms.linux-x64-musl"]
checksum = "sha256:680859dbb4d881a9c72d4d9a8f510825450849af8567deacd7302c01124416fb"
url = "https://github.com/go-task/task/releases/download/v3.54.0/task_linux_amd64.tar.gz"
url_api = "https://api.github.com/repos/go-task/task/releases/assets/604090073"

[tools.task."platforms.macos-arm64"]
checksum = "sha256:12a69fcf37bb8d5bc9150c44f9a936775b73e59ff044c2c245232f198c135637"
url = "https://github.com/go-task/task/releases/download/v3.54.0/task_darwin_arm64.tar.gz"
url_api = "https://api.github.com/repos/go-task/task/releases/assets/604090068"

[tools.task."platforms.macos-x64"]
checksum = "sha256:0543b0844a725814c0412d3f4bed12873ce9ed0da207b15775f63a97d734aac0"
url = "https://github.com/go-task/task/releases/download/v3.54.0/task_darwin_amd64.tar.gz"
url_api = "https://api.github.com/repos/go-task/task/releases/assets/604090006"

[tools.task."platforms.windows-x64"]
checksum = "sha256:837f42f71899ea41d07a47acc81d4d6ea80cb41c68292345f915c656473efcb7"
url = "https://github.com/go-task/task/releases/download/v3.54.0/task_windows_amd64.zip"
url_api = "https://api.github.com/repos/go-task/task/releases/assets/604090005"

[[tools.uv]]
version = "0.12.22"
backend = "aqua:astral-sh/uv"
specifiers = ["0"]

[tools.uv."platforms.linux-arm64"]
checksum = "sha256:6f66a14e8239871fb477f9746c941fedfa77e8fe28a8bc7c07e1dc7f53a66712"
url = "https://github.com/astral-sh/uv/releases/download/0.12.22/uv-aarch64-unknown-linux-gnu.tar.gz"
url_api = "https://api.github.com/repos/astral-sh/uv/releases/assets/604418317"
provenance = "github-attestations"

[tools.uv."platforms.linux-arm64-musl"]
checksum = "sha256:228bd32c180421a94eef91378a92b2dd63c768bd278430e833250524c4a13382"
url = "https://github.com/astral-sh/uv/releases/download/0.12.22/uv-aarch64-unknown-linux-musl.tar.gz"
url_api = "https://api.github.com/repos/astral-sh/uv/releases/assets/604418325"
provenance = "github-attestations"

[tools.uv."platforms.linux-x64"]
checksum = "sha256:b9980552309f09c15172b8be828555e375097f16deb459795ce7bfd200380f0b"
url = "https://github.com/astral-sh/uv/releases/download/0.12.22/uv-x86_64-unknown-linux-gnu.tar.gz"
url_api = "https://api.github.com/repos/astral-sh/uv/releases/assets/604418465"
provenance = "github-attestations"

[tools.uv."platforms.linux-x64-musl"]
checksum = "sha256:a50fd68c653b0cfb1c85e0a7db62cb78cf5c22b6f3dcf3ae173e5f222d084470"
url = "https://github.com/astral-sh/uv/releases/download/0.12.22/uv-x86_64-unknown-linux-musl.tar.gz"
url_api = "https://api.github.com/repos/astral-sh/uv/releases/assets/604418476"
provenance = "github-attestations"

[tools.uv."platforms.macos-arm64"]
checksum = "sha256:5d714de09501a59393ceca78f4bc232a50478729640d251907160299b2a93ddd"
url = "https://github.com/astral-sh/uv/releases/download/0.12.22/uv-aarch64-apple-darwin.tar.gz"
url_api = "https://api.github.com/repos/astral-sh/uv/releases/assets/604418308"
provenance = "github-attestations"

[tools.uv."platforms.macos-x64"]
checksum = "sha256:1b8a5b316883df2daf20fb9a446e5b230e01d947d57aba2694977c5ac5a7e98c"
url = "https://github.com/astral-sh/uv/releases/download/0.12.22/uv-x86_64-apple-darwin.tar.gz"
url_api = "https://api.github.com/repos/astral-sh/uv/releases/assets/604418427"
provenance = "github-attestations"

[tools.uv."platforms.windows-x64"]
checksum = "sha256:ea1397797a0ca15f63516dd0f49c2dde9776db9be5861cab152ebe8ad199894d"
url = "https://github.com/astral-sh/uv/releases/download/0.12.22/uv-x86_64-pc-windows-msvc.zip"
url_api = "https://api.github.com/repos/astral-sh/uv/releases/assets/604418443"
provenance = "github-attestations"
